// !$*UTF8*$!
{
	archiveVersion = 1;
	classes = {
	};
	objectVersion = 46;
	objects = {

/* Begin PBXBuildFile section */
		9B8E38EA1C715818008B50D9 /* AppDelegate.swift in Sources */ = {isa = PBXBuildFile; fileRef = 9B8E38E91C715818008B50D9 /* AppDelegate.swift */; };
		9B8E38EC1C715818008B50D9 /* ViewController.swift in Sources */ = {isa = PBXBuildFile; fileRef = 9B8E38EB1C715818008B50D9 /* ViewController.swift */; };
		9B8E38EF1C715818008B50D9 /* Main.storyboard in Resources */ = {isa = PBXBuildFile; fileRef = 9B8E38ED1C715818008B50D9 /* Main.storyboard */; };
		9B8E38F11C715819008B50D9 /* Assets.xcassets in Resources */ = {isa = PBXBuildFile; fileRef = 9B8E38F01C715819008B50D9 /* Assets.xcassets */; };
		9B8E38F41C715819008B50D9 /* LaunchScreen.storyboard in Resources */ = {isa = PBXBuildFile; fileRef = 9B8E38F21C715819008B50D9 /* LaunchScreen.storyboard */; };
		9B8E38FF1C715819008B50D9 /* SupercoolTests.swift in Sources */ = {isa = PBXBuildFile; fileRef = 9B8E38FE1C715819008B50D9 /* SupercoolTests.swift */; };
		9B8E390A1C715819008B50D9 /* SupercoolUITests.swift in Sources */ = {isa = PBXBuildFile; fileRef = 9B8E39091C715819008B50D9 /* SupercoolUITests.swift */; };
/* End PBXBuildFile section */

/* Begin PBXContainerItemProxy section */
		9B8E38FB1C715819008B50D9 /* PBXContainerItemProxy */ = {
			isa = PBXContainerItemProxy;
			containerPortal = 9B8E38DE1C715818008B50D9 /* Project object */;
			proxyType = 1;
			remoteGlobalIDString = 9B8E38E51C715818008B50D9;
			remoteInfo = Supercool;
		};
		9B8E39061C715819008B50D9 /* PBXContainerItemProxy */ = {
			isa = PBXContainerItemProxy;
			containerPortal = 9B8E38DE1C715818008B50D9 /* Project object */;
			proxyType = 1;
			remoteGlobalIDString = 9B8E38E51C715818008B50D9;
			remoteInfo = Supercool;
		};
/* End PBXContainerItemProxy section */

/* Begin PBXFileReference section */
		9B8E38E61C715818008B50D9 /* Supercool.app */ = {isa = PBXFileReference; explicitFileType = wrapper.application; includeInIndex = 0; path = Supercool.app; sourceTree = BUILT_PRODUCTS_DIR; };
		9B8E38E91C715818008B50D9 /* AppDelegate.swift */ = {isa = PBXFileReference; lastKnownFileType = sourcecode.swift; path = AppDelegate.swift; sourceTree = "<group>"; };
		9B8E38EB1C715818008B50D9 /* ViewController.swift */ = {isa = PBXFileReference; lastKnownFileType = sourcecode.swift; path = ViewController.swift; sourceTree = "<group>"; };
		9B8E38EE1C715818008B50D9 /* Base */ = {isa = PBXFileReference; lastKnownFileType = file.storyboard; name = Base; path = Base.lproj/Main.storyboard; sourceTree = "<group>"; };
		9B8E38F01C715819008B50D9 /* Assets.xcassets */ = {isa = PBXFileReference; lastKnownFileType = folder.assetcatalog; path = Assets.xcassets; sourceTree = "<group>"; };
		9B8E38F31C715819008B50D9 /* Base */ = {isa = PBXFileReference; lastKnownFileType = file.storyboard; name = Base; path = Base.lproj/LaunchScreen.storyboard; sourceTree = "<group>"; };
		9B8E38F51C715819008B50D9 /* Info.plist */ = {isa = PBXFileReference; lastKnownFileType = text.plist.xml; path = Info.plist; sourceTree = "<group>"; };
		9B8E38FA1C715819008B50D9 /* SupercoolTests.xctest */ = {isa = PBXFileReference; explicitFileType = wrapper.cfbundle; includeInIndex = 0; path = SupercoolTests.xctest; sourceTree = BUILT_PRODUCTS_DIR; };
		9B8E38FE1C715819008B50D9 /* SupercoolTests.swift */ = {isa = PBXFileReference; lastKnownFileType = sourcecode.swift; path = SupercoolTests.swift; sourceTree = "<group>"; };
		9B8E39001C715819008B50D9 /* Info.plist */ = {isa = PBXFileReference; lastKnownFileType = text.plist.xml; path = Info.plist; sourceTree = "<group>"; };
		9B8E39051C715819008B50D9 /* SupercoolUITests.xctest */ = {isa = PBXFileReference; explicitFileType = wrapper.cfbundle; includeInIndex = 0; path = SupercoolUITests.xctest; sourceTree = BUILT_PRODUCTS_DIR; };
		9B8E39091C715819008B50D9 /* SupercoolUITests.swift */ = {isa = PBXFileReference; lastKnownFileType = sourcecode.swift; path = SupercoolUITests.swift; sourceTree = "<group>"; };
		9B8E390B1C715819008B50D9 /* Info.plist */ = {isa = PBXFileReference; lastKnownFileType = text.plist.xml; path = Info.plist; sourceTree = "<group>"; };
/* End PBXFileReference section */

/* Begin PBXFrameworksBuildPhase section */
		9B8E38E31C715818008B50D9 /* Frameworks */ = {
			isa = PBXFrameworksBuildPhase;
			buildActionMask = 2147483647;
			files = (
			);
			runOnlyForDeploymentPostprocessing = 0;
		};
		9B8E38F71C715819008B50D9 /* Frameworks */ = {
			isa = PBXFrameworksBuildPhase;
			buildActionMask = 2147483647;
			files = (
			);
			runOnlyForDeploymentPostprocessing = 0;
		};
		9B8E39021C715819008B50D9 /* Frameworks */ = {
			isa = PBXFrameworksBuildPhase;
			buildActionMask = 2147483647;
			files = (
			);
			runOnlyForDeploymentPostprocessing = 0;
		};
/* End PBXFrameworksBuildPhase section */

/* Begin PBXGroup section */
		9B8E38DD1C715818008B50D9 = {
			isa = PBXGroup;
			children = (
				9B8E38E81C715818008B50D9 /* Supercool */,
				9B8E38FD1C715819008B50D9 /* SupercoolTests */,
				9B8E39081C715819008B50D9 /* SupercoolUITests */,
				9B8E38E71C715818008B50D9 /* Products */,
			);
			sourceTree = "<group>";
		};
		9B8E38E71C715818008B50D9 /* Products */ = {
			isa = PBXGroup;
			children = (
				9B8E38E61C715818008B50D9 /* Supercool.app */,
				9B8E38FA1C715819008B50D9 /* SupercoolTests.xctest */,
				9B8E39051C715819008B50D9 /* SupercoolUITests.xctest */,
			);
			name = Products;
			sourceTree = "<group>";
		};
		9B8E38E81C715818008B50D9 /* Supercool */ = {
			isa = PBXGroup;
			children = (
				9B8E38E91C715818008B50D9 /* AppDelegate.swift */,
				9B8E38EB1C715818008B50D9 /* ViewController.swift */,
				9B8E38ED1C715818008B50D9 /* Main.storyboard */,
				9B8E38F01C715819008B50D9 /* Assets.xcassets */,
				9B8E38F21C715819008B50D9 /* LaunchScreen.storyboard */,
				9B8E38F51C715819008B50D9 /* Info.plist */,
			);
			path = Supercool;
			sourceTree = "<group>";
		};
		9B8E38FD1C715819008B50D9 /* SupercoolTests */ = {
			isa = PBXGroup;
			children = (
				9B8E38FE1C715819008B50D9 /* SupercoolTests.swift */,
				9B8E39001C715819008B50D9 /* Info.plist */,
			);
			path = SupercoolTests;
			sourceTree = "<group>";
		};
		9B8E39081C715819008B50D9 /* SupercoolUITests */ = {
			isa = PBXGroup;
			children = (
				9B8E39091C715819008B50D9 /* SupercoolUITests.swift */,
				9B8E390B1C715819008B50D9 /* Info.plist */,
			);
			path = SupercoolUITests;
			sourceTree = "<group>";
		};
/* End PBXGroup section */

/* Begin PBXNativeTarget section */
		9B8E38E51C715818008B50D9 /* Supercool */ = {
			isa = PBXNativeTarget;
			buildConfigurationList = 9B8E390E1C715819008B50D9 /* Build configuration list for PBXNativeTarget "Supercool" */;
			buildPhases = (
				9B8E38E21C715818008B50D9 /* Sources */,
				9B8E38E31C715818008B50D9 /* Frameworks */,
				9B8E38E41C715818008B50D9 /* Resources */,
			);
			buildRules = (
			);
			dependencies = (
			);
			name = Supercool;
			productName = Supercool;
			productReference = 9B8E38E61C715818008B50D9 /* Supercool.app */;
			productType = "com.apple.product-type.application";
		};
		9B8E38F91C715819008B50D9 /* SupercoolTests */ = {
			isa = PBXNativeTarget;
			buildConfigurationList = 9B8E39111C715819008B50D9 /* Build configuration list for PBXNativeTarget "SupercoolTests" */;
			buildPhases = (
				9B8E38F61C715819008B50D9 /* Sources */,
				9B8E38F71C715819008B50D9 /* Frameworks */,
				9B8E38F81C715819008B50D9 /* Resources */,
			);
			buildRules = (
			);
			dependencies = (
				9B8E38FC1C715819008B50D9 /* PBXTargetDependency */,
			);
			name = SupercoolTests;
			productName = SupercoolTests;
			productReference = 9B8E38FA1C715819008B50D9 /* SupercoolTests.xctest */;
			productType = "com.apple.product-type.bundle.unit-test";
		};
		9B8E39041C715819008B50D9 /* SupercoolUITests */ = {
			isa = PBXNativeTarget;
			buildConfigurationList = 9B8E39141C715819008B50D9 /* Build configuration list for PBXNativeTarget "SupercoolUITests" */;
			buildPhases = (
				9B8E39011C715819008B50D9 /* Sources */,
				9B8E39021C715819008B50D9 /* Frameworks */,
				9B8E39031C715819008B50D9 /* Resources */,
			);
			buildRules = (
			);
			dependencies = (
				9B8E39071C715819008B50D9 /* PBXTargetDependency */,
			);
			name = SupercoolUITests;
			productName = SupercoolUITests;
			productReference = 9B8E39051C715819008B50D9 /* SupercoolUITests.xctest */;
			productType = "com.apple.product-type.bundle.ui-testing";
		};
/* End PBXNativeTarget section */

/* Begin PBXProject section */
		9B8E38DE1C715818008B50D9 /* Project object */ = {
			isa = PBXProject;
			attributes = {
				LastSwiftUpdateCheck = 0730;
				LastUpgradeCheck = 0730;
				ORGANIZATIONNAME = Smith;
				TargetAttributes = {
					9B8E38E51C715818008B50D9 = {
						CreatedOnToolsVersion = 7.3;
					};
					9B8E38F91C715819008B50D9 = {
						CreatedOnToolsVersion = 7.3;
						TestTargetID = 9B8E38E51C715818008B50D9;
					};
					9B8E39041C715819008B50D9 = {
						CreatedOnToolsVersion = 7.3;
						TestTargetID = 9B8E38E51C715818008B50D9;
					};
				};
			};
			buildConfigurationList = 9B8E38E11C715818008B50D9 /* Build configuration list for PBXProject "Supercool" */;
			compatibilityVersion = "Xcode 3.2";
			developmentRegion = English;
			hasScannedForEncodings = 0;
			knownRegions = (
				en,
				Base,
			);
			mainGroup = 9B8E38DD1C715818008B50D9;
			productRefGroup = 9B8E38E71C715818008B50D9 /* Products */;
			projectDirPath = "";
			projectRoot = "";
			targets = (
				9B8E38E51C715818008B50D9 /* Supercool */,
				9B8E38F91C715819008B50D9 /* SupercoolTests */,
				9B8E39041C715819008B50D9 /* SupercoolUITests */,
			);
		};
/* End PBXProject section */

/* Begin PBXResourcesBuildPhase section */
		9B8E38E41C715818008B50D9 /* Resources */ = {
			isa = PBXResourcesBuildPhase;
			buildActionMask = 2147483647;
			files = (
				9B8E38F41C715819008B50D9 /* LaunchScreen.storyboard in Resources */,
				9B8E38F11C715819008B50D9 /* Assets.xcassets in Resources */,
				9B8E38EF1C715818008B50D9 /* Main.storyboard in Resources */,
			);
			runOnlyForDeploymentPostprocessing = 0;
		};
		9B8E38F81C715819008B50D9 /* Resources */ = {
			isa = PBXResourcesBuildPhase;
			buildActionMask = 2147483647;
			files = (
			);
			runOnlyForDeploymentPostprocessing = 0;
		};
		9B8E39031C715819008B50D9 /* Resources */ = {
			isa = PBXResourcesBuildPhase;
			buildActionMask = 2147483647;
			files = (
			);
			runOnlyForDeploymentPostprocessing = 0;
		};
/* End PBXResourcesBuildPhase section */

/* Begin PBXSourcesBuildPhase section */
		9B8E38E21C715818008B50D9 /* Sources */ = {
			isa = PBXSourcesBuildPhase;
			buildActionMask = 2147483647;
			files = (
				9B8E38EC1C715818008B50D9 /* ViewController.swift in Sources */,
				9B8E38EA1C715818008B50D9 /* AppDelegate.swift in Sources */,
			);
			runOnlyForDeploymentPostprocessing = 0;
		};
		9B8E38F61C715819008B50D9 /* Sources */ = {
			isa = PBXSourcesBuildPhase;
			buildActionMask = 2147483647;
			files = (
				9B8E38FF1C715819008B50D9 /* SupercoolTests.swift in Sources */,
			);
			runOnlyForDeploymentPostprocessing = 0;
		};
		9B8E39011C715819008B50D9 /* Sources */ = {
			isa = PBXSourcesBuildPhase;
			buildActionMask = 2147483647;
			files = (
				9B8E390A1C715819008B50D9 /* SupercoolUITests.swift in Sources */,
			);
			runOnlyForDeploymentPostprocessing = 0;
		};
/* End PBXSourcesBuildPhase section */

/* Begin PBXTargetDependency section */
		9B8E38FC1C715819008B50D9 /* PBXTargetDependency */ = {
			isa = PBXTargetDependency;
			target = 9B8E38E51C715818008B50D9 /* Supercool */;
			targetProxy = 9B8E38FB1C715819008B50D9 /* PBXContainerItemProxy */;
		};
		9B8E39071C715819008B50D9 /* PBXTargetDependency */ = {
			isa = PBXTargetDependency;
			target = 9B8E38E51C715818008B50D9 /* Supercool */;
			targetProxy = 9B8E39061C715819008B50D9 /* PBXContainerItemProxy */;
		};
/* End PBXTargetDependency section */

/* Begin PBXVariantGroup section */
		9B8E38ED1C715818008B50D9 /* Main.storyboard */ = {
			isa = PBXVariantGroup;
			children = (
				9B8E38EE1C715818008B50D9 /* Base */,
			);
			name = Main.storyboard;
			sourceTree = "<group>";
		};
		9B8E38F21C715819008B50D9 /* LaunchScreen.storyboard */ = {
			isa = PBXVariantGroup;
			children = (
				9B8E38F31C715819008B50D9 /* Base */,
			);
			name = LaunchScreen.storyboard;
			sourceTree = "<group>";
		};
/* End PBXVariantGroup section */

/* Begin XCBuildConfiguration section */
		9B8E390C1C715819008B50D9 /* Debug */ = {
			isa = XCBuildConfiguration;
			buildSettings = {
				ALWAYS_SEARCH_USER_PATHS = NO;
				CLANG_ANALYZER_NONNULL = YES;
				CLANG_CXX_LANGUAGE_STANDARD = "gnu++0x";
				CLANG_CXX_LIBRARY = "libc++";
				CLANG_ENABLE_MODULES = YES;
				CLANG_ENABLE_OBJC_ARC = YES;
				CLANG_WARN_BOOL_CONVERSION = YES;
				CLANG_WARN_CONSTANT_CONVERSION = YES;
				CLANG_WARN_DIRECT_OBJC_ISA_USAGE = YES_ERROR;
				CLANG_WARN_EMPTY_BODY = YES;
				CLANG_WARN_ENUM_CONVERSION = YES;
				CLANG_WARN_INT_CONVERSION = YES;
				CLANG_WARN_OBJC_ROOT_CLASS = YES_ERROR;
				CLANG_WARN_UNREACHABLE_CODE = YES;
				CLANG_WARN__DUPLICATE_METHOD_MATCH = YES;
				"CODE_SIGN_IDENTITY[sdk=iphoneos*]" = "iPhone Developer";
				COPY_PHASE_STRIP = NO;
				DEBUG_INFORMATION_FORMAT = dwarf;
				ENABLE_STRICT_OBJC_MSGSEND = YES;
				ENABLE_TESTABILITY = YES;
				GCC_C_LANGUAGE_STANDARD = gnu99;
				GCC_DYNAMIC_NO_PIC = NO;
				GCC_NO_COMMON_BLOCKS = YES;
				GCC_OPTIMIZATION_LEVEL = 0;
				GCC_PREPROCESSOR_DEFINITIONS = (
					"DEBUG=1",
					"$(inherited)",
				);
				GCC_WARN_64_TO_32_BIT_CONVERSION = YES;
				GCC_WARN_ABOUT_RETURN_TYPE = YES_ERROR;
				GCC_WARN_UNDECLARED_SELECTOR = YES;
				GCC_WARN_UNINITIALIZED_AUTOS = YES_AGGRESSIVE;
				GCC_WARN_UNUSED_FUNCTION = YES;
				GCC_WARN_UNUSED_VARIABLE = YES;
				IPHONEOS_DEPLOYMENT_TARGET = 9.3;
				MTL_ENABLE_DEBUG_INFO = YES;
				ONLY_ACTIVE_ARCH = YES;
				SDKROOT = iphoneos;
				SWIFT_OPTIMIZATION_LEVEL = "-Onone";
			};
			name = Debug;
		};
		9B8E390D1C715819008B50D9 /* Release */ = {
			isa = XCBuildConfiguration;
			buildSettings = {
				ALWAYS_SEARCH_USER_PATHS = NO;
				CLANG_ANALYZER_NONNULL = YES;
				CLANG_CXX_LANGUAGE_STANDARD = "gnu++0x";
				CLANG_CXX_LIBRARY = "libc++";
				CLANG_ENABLE_MODULES = YES;
				CLANG_ENABLE_OBJC_ARC = YES;
				CLANG_WARN_BOOL_CONVERSION = YES;
				CLANG_WARN_CONSTANT_CONVERSION = YES;
				CLANG_WARN_DIRECT_OBJC_ISA_USAGE = YES_ERROR;
				CLANG_WARN_EMPTY_BODY = YES;
				CLANG_WARN_ENUM_CONVERSION = YES;
				CLANG_WARN_INT_CONVERSION = YES;
				CLANG_WARN_OBJC_ROOT_CLASS = YES_ERROR;
				CLANG_WARN_UNREACHABLE_CODE = YES;
				CLANG_WARN__DUPLICATE_METHOD_MATCH = YES;
				"CODE_SIGN_IDENTITY[sdk=iphoneos*]" = "iPhone Developer";
				COPY_PHASE_STRIP = NO;
				DEBUG_INFORMATION_FORMAT = "dwarf-with-dsym";
				ENABLE_NS_ASSERTIONS = NO;
				ENABLE_STRICT_OBJC_MSGSEND = YES;
				GCC_C_LANGUAGE_STANDARD = gnu99;
				GCC_NO_COMMON_BLOCKS = YES;
				GCC_WARN_64_TO_32_BIT_CONVERSION = YES;
				GCC_WARN_ABOUT_RETURN_TYPE = YES_ERROR;
				GCC_WARN_UNDECLARED_SELECTOR = YES;
				GCC_WARN_UNINITIALIZED_AUTOS = YES_AGGRESSIVE;
				GCC_WARN_UNUSED_FUNCTION = YES;
				GCC_WARN_UNUSED_VARIABLE = YES;
				IPHONEOS_DEPLOYMENT_TARGET = 9.3;
				MTL_ENABLE_DEBUG_INFO = NO;
				SDKROOT = iphoneos;
				VALIDATE_PRODUCT = YES;
			};
			name = Release;
		};
		9B8E390F1C715819008B50D9 /* Debug */ = {
			isa = XCBuildConfiguration;
			buildSettings = {
				ASSETCATALOG_COMPILER_APPICON_NAME = AppIcon;
				INFOPLIST_FILE = Supercool/Info.plist;
				LD_RUNPATH_SEARCH_PATHS = "$(inherited) @executable_path/Frameworks";
				PRODUCT_BUNDLE_IDENTIFIER = com.smith.Supercool;
				PRODUCT_NAME = "$(TARGET_NAME)";
			};
			name = Debug;
		};
		9B8E39101C715819008B50D9 /* Release */ = {
			isa = XCBuildConfiguration;
			buildSettings = {
				ASSETCATALOG_COMPILER_APPICON_NAME = AppIcon;
				INFOPLIST_FILE = Supercool/Info.plist;
				LD_RUNPATH_SEARCH_PATHS = "$(inherited) @executable_path/Frameworks";
				PRODUCT_BUNDLE_IDENTIFIER = com.smith.Supercool;
				PRODUCT_NAME = "$(TARGET_NAME)";
			};
			name = Release;
		};
		9B8E39121C715819008B50D9 /* Debug */ = {
			isa = XCBuildConfiguration;
			buildSettings = {
				BUNDLE_LOADER = "$(TEST_HOST)";
				INFOPLIST_FILE = SupercoolTests/Info.plist;
				LD_RUNPATH_SEARCH_PATHS = "$(inherited) @executable_path/Frameworks @loader_path/Frameworks";
				PRODUCT_BUNDLE_IDENTIFIER = com.smith.SupercoolTests;
				PRODUCT_NAME = "$(TARGET_NAME)";
				TEST_HOST = "$(BUILT_PRODUCTS_DIR)/Supercool.app/Supercool";
			};
			name = Debug;
		};
		9B8E39131C715819008B50D9 /* Release */ = {
			isa = XCBuildConfiguration;
			buildSettings = {
				BUNDLE_LOADER = "$(TEST_HOST)";
				INFOPLIST_FILE = SupercoolTests/Info.plist;
				LD_RUNPATH_SEARCH_PATHS = "$(inherited) @executable_path/Frameworks @loader_path/Frameworks";
				PRODUCT_BUNDLE_IDENTIFIER = com.smith.SupercoolTests;
				PRODUCT_NAME = "$(TARGET_NAME)";
				TEST_HOST = "$(BUILT_PRODUCTS_DIR)/Supercool.app/Supercool";
			};
			name = Release;
		};
		9B8E39151C715819008B50D9 /* Debug */ = {
			isa = XCBuildConfiguration;
			buildSettings = {
				INFOPLIST_FILE = SupercoolUITests/Info.plist;
				LD_RUNPATH_SEARCH_PATHS = "$(inherited) @executable_path/Frameworks @loader_path/Frameworks";
				PRODUCT_BUNDLE_IDENTIFIER = com.smith.SupercoolUITests;
				PRODUCT_NAME = "$(TARGET_NAME)";
				TEST_TARGET_NAME = Supercool;
			};
			name = Debug;
		};
		9B8E39161C715819008B50D9 /* Release */ = {
			isa = XCBuildConfiguration;
			buildSettings = {
				INFOPLIST_FILE = SupercoolUITests/Info.plist;
				LD_RUNPATH_SEARCH_PATHS = "$(inherited) @executable_path/Frameworks @loader_path/Frameworks";
				PRODUCT_BUNDLE_IDENTIFIER = com.smith.SupercoolUITests;
				PRODUCT_NAME = "$(TARGET_NAME)";
				TEST_TARGET_NAME = Supercool;
			};
			name = Release;
		};
/* End XCBuildConfiguration section */

/* Begin XCConfigurationList section */
		9B8E38E11C715818008B50D9 /* Build configuration list for PBXProject "Supercool" */ = {
			isa = XCConfigurationList;
			buildConfigurations = (
				9B8E390C1C715819008B50D9 /* Debug */,
				9B8E390D1C715819008B50D9 /* Release */,
			);
			defaultConfigurationIsVisible = 0;
			defaultConfigurationName = Release;
		};
		9B8E390E1C715819008B50D9 /* Build configuration list for PBXNativeTarget "Supercool" */ = {
			isa = XCConfigurationList;
			buildConfigurations = (
				9B8E390F1C715819008B50D9 /* Debug */,
				9B8E39101C715819008B50D9 /* Release */,
			);
			defaultConfigurationIsVisible = 0;
		};
		9B8E39111C715819008B50D9 /* Build configuration list for PBXNativeTarget "SupercoolTests" */ = {
			isa = XCConfigurationList;
			buildConfigurations = (
				9B8E39121C715819008B50D9 /* Debug */,
				9B8E39131C715819008B50D9 /* Release */,
			);
			defaultConfigurationIsVisible = 0;
		};
		9B8E39141C715819008B50D9 /* Build configuration list for PBXNativeTarget "SupercoolUITests" */ = {
			isa = XCConfigurationList;
			buildConfigurations = (
				9B8E39151C715819008B50D9 /* Debug */,
				9B8E39161C715819008B50D9 /* Release */,
			);
			defaultConfigurationIsVisible = 0;
		};
/* End XCConfigurationList section */
	};
	rootObject = 9B8E38DE1C715818008B50D9 /* Project object */;
}
